
Microsoft Visual Studio Solution File, Format Version 12.00
# Visual Studio Version 17
VisualStudioVersion = 17.0.31903.59
MinimumVisualStudioVersion = 10.0.40219.1
Project("{9A19103F-16F7-4668-BE54-9A1E7A4F7556}") = "Tempest.Expressions", "Tempest.Expressions\Tempest.Expressions.csproj", "{F52874CF-5FC7-4E9E-B299-3ED26AD51802}"
EndProject
Project("{9A19103F-16F7-4668-BE54-9A1E7A4F7556}") = "Tests.Tempest.Expressions", "Tests.Tempest.Expressions\Tests.Tempest.Expressions.csproj", "{E174F4BD-9684-46CE-B6B8-3E89BF3B549A}"
EndProject
Project("{9A19103F-16F7-4668-BE54-9A1E7A4F7556}") = "Tempest.TaskTypes", "Tempest.TaskTypes\Tempest.TaskTypes.csproj", "{D1127FCE-1595-4AC9-AB7F-1466D1BE55A1}"
EndProject
Project("{9A19103F-16F7-4668-BE54-9A1E7A4F7556}") = "Tests.Tempest.TaskTypes", "Tests.Tempest.TaskTypes\Tests.Tempest.TaskTypes.csproj", "{B67B404D-D6E8-4C6A-B228-D61131E3EB4F}"
EndProject
Project("{9A19103F-16F7-4668-BE54-9A1E7A4F7556}") = "Tempest.Language", "Tempest.Language\Tempest.Language.csproj", "{67DB71B8-2F8A-4888-B9CE-72518535DC12}"
EndProject
Project("{9A19103F-16F7-4668-BE54-9A1E7A4F7556}") = "Tests.Tempest.Language", "Tests.Tempest.Language\Tests.Tempest.Language.csproj", "{A695E7A1-CEC7-4CB4-A70E-30BDCDD8B72B}"
EndProject
Project("{2150E333-8FDC-42A3-9474-1A3956D46DE8}") = "Solution Items", "Solution Items", "{31D13453-2982-4E31-B110-F0C8B51DA606}"
	ProjectSection(SolutionItems) = preProject
		Directory.Build.props = Directory.Build.props
		README.md = README.md
	EndProjectSection
EndProject
Global
	GlobalSection(SolutionConfigurationPlatforms) = preSolution
		Debug|Any CPU = Debug|Any CPU
		Release|Any CPU = Release|Any CPU
	EndGlobalSection
	GlobalSection(ProjectConfigurationPlatforms) = postSolution
		{F52874CF-5FC7-4E9E-B299-3ED26AD51802}.Debug|Any CPU.ActiveCfg = Debug|Any CPU
		{F52874CF-5FC7-4E9E-B299-3ED26AD51802}.Debug|Any CPU.Build.0 = Debug|Any CPU
		{F52874CF-5FC7-4E9E-B299-3ED26AD51802}.Release|Any CPU.ActiveCfg = Release|Any CPU
		{F52874CF-5FC7-4E9E-B299-3ED26AD51802}.Release|Any CPU.Build.0 = Release|Any CPU
		{E174F4BD-9684-46CE-B6B8-3E89BF3B549A}.Debug|Any CPU.ActiveCfg = Debug|Any CPU
		{E174F4BD-9684-46CE-B6B8-3E89BF3B549A}.Debug|Any CPU.Build.0 = Debug|Any CPU
		{E174F4BD-9684-46CE-B6B8-3E89BF3B549A}.Release|Any CPU.ActiveCfg = Release|Any CPU
		{E174F4BD-9684-46CE-B6B8-3E89BF3B549A}.Release|Any CPU.Build.0 = Release|Any CPU
		{D1127FCE-1595-4AC9-AB7F-1466D1BE55A1}.Debug|Any CPU.ActiveCfg = Debug|Any CPU
		{D1127FCE-1595-4AC9-AB7F-1466D1BE55A1}.Debug|Any CPU.Build.0 = Debug|Any CPU
		{D1127FCE-1595-4AC9-AB7F-1466D1BE55A1}.Release|Any CPU.ActiveCfg = Release|Any CPU
		{D1127FCE-1595-4AC9-AB7F-1466D1BE55A1}.Release|Any CPU.Build.0 = Release|Any CPU
		{B67B404D-D6E8-4C6A-B228-D61131E3EB4F}.Debug|Any CPU.ActiveCfg = Debug|Any CPU
		{B67B404D-D6E8-4C6A-B228-D61131E3EB4F}.Debug|Any CPU.Build.0 = Debug|Any CPU
		{B67B404D-D6E8-4C6A-B228-D61131E3EB4F}.Release|Any CPU.ActiveCfg = Release|Any CPU
		{B67B404D-D6E8-4C6A-B228-D61131E3EB4F}.Release|Any CPU.Build.0 = Release|Any CPU
		{67DB71B8-2F8A-4888-B9CE-72518535DC12}.Debug|Any CPU.ActiveCfg = Debug|Any CPU
		{67DB71B8-2F8A-4888-B9CE-72518535DC12}.Debug|Any CPU.Build.0 = Debug|Any CPU
		{67DB71B8-2F8A-4888-B9CE-72518535DC12}.Release|Any CPU.ActiveCfg = Release|Any CPU
		{67DB71B8-2F8A-4888-B9CE-72518535DC12}.Release|Any CPU.Build.0 = Release|Any CPU
		{A695E7A1-CEC7-4CB4-A70E-30BDCDD8B72B}.Debug|Any CPU.ActiveCfg = Debug|Any CPU
		{A695E7A1-CEC7-4CB4-A70E-30BDCDD8B72B}.Debug|Any CPU.Build.0 = Debug|Any CPU
		{A695E7A1-CEC7-4CB4-A70E-30BDCDD8B72B}.Release|Any CPU.ActiveCfg = Release|Any CPU
		{A695E7A1-CEC7-4CB4-A70E-30BDCDD8B72B}.Release|Any CPU.Build.0 = Release|Any CPU
	EndGlobalSection
	GlobalSection(SolutionProperties) = preSolution
		HideSolutionNode = FALSE
	EndGlobalSection
	GlobalSection(ExtensibilityGlobals) = postSolution
		SolutionGuid = {B2AA5D18-0620-4C88-A158-35BADF9FBAA9}
	EndGlobalSection
EndGlobal
